// !$*UTF8*$!
{
	archiveVersion = 1;
	classes = {
	};
	objectVersion = 46;
	objects = {

/* Begin PBXBuildFile section */
		2705A8181CFFBA1B00718561 /* RangeSliderThumbLayer.swift in Sources */ = {isa = PBXBuildFile; fileRef = 2705A8171CFFBA1B00718561 /* RangeSliderThumbLayer.swift */; };
		2705A81A1CFFBC3500718561 /* RangeSliderTrackLayer.swift in Sources */ = {isa = PBXBuildFile; fileRef = 2705A8191CFFBC3500718561 /* RangeSliderTrackLayer.swift */; };
		273C36991CFED0BB0082E2C0 /* AppDelegate.swift in Sources */ = {isa = PBXBuildFile; fileRef = 273C36981CFED0BB0082E2C0 /* AppDelegate.swift */; };
		273C369B1CFED0BB0082E2C0 /* ViewController.swift in Sources */ = {isa = PBXBuildFile; fileRef = 273C369A1CFED0BB0082E2C0 /* ViewController.swift */; };
		273C369E1CFED0BB0082E2C0 /* Main.storyboard in Resources */ = {isa = PBXBuildFile; fileRef = 273C369C1CFED0BB0082E2C0 /* Main.storyboard */; };
		273C36A01CFED0BB0082E2C0 /* Assets.xcassets in Resources */ = {isa = PBXBuildFile; fileRef = 273C369F1CFED0BB0082E2C0 /* Assets.xcassets */; };
		273C36A31CFED0BB0082E2C0 /* LaunchScreen.storyboard in Resources */ = {isa = PBXBuildFile; fileRef = 273C36A11CFED0BB0082E2C0 /* LaunchScreen.storyboard */; };
		273C36AC1CFEDF420082E2C0 /* RangeSlider.swift in Sources */ = {isa = PBXBuildFile; fileRef = 273C36AA1CFED1DF0082E2C0 /* RangeSlider.swift */; };
/* End PBXBuildFile section */

/* Begin PBXFileReference section */
		2705A8171CFFBA1B00718561 /* RangeSliderThumbLayer.swift */ = {isa = PBXFileReference; fileEncoding = 4; lastKnownFileType = sourcecode.swift; path = RangeSliderThumbLayer.swift; sourceTree = "<group>"; };
		2705A8191CFFBC3500718561 /* RangeSliderTrackLayer.swift */ = {isa = PBXFileReference; fileEncoding = 4; lastKnownFileType = sourcecode.swift; path = RangeSliderTrackLayer.swift; sourceTree = "<group>"; };
		273C36951CFED0BB0082E2C0 /* CustomSliderExample.app */ = {isa = PBXFileReference; explicitFileType = wrapper.application; includeInIndex = 0; path = CustomSliderExample.app; sourceTree = BUILT_PRODUCTS_DIR; };
		273C36981CFED0BB0082E2C0 /* AppDelegate.swift */ = {isa = PBXFileReference; lastKnownFileType = sourcecode.swift; path = AppDelegate.swift; sourceTree = "<group>"; };
		273C369A1CFED0BB0082E2C0 /* ViewController.swift */ = {isa = PBXFileReference; lastKnownFileType = sourcecode.swift; path = ViewController.swift; sourceTree = "<group>"; };
		273C369D1CFED0BB0082E2C0 /* Base */ = {isa = PBXFileReference; lastKnownFileType = file.storyboard; name = Base; path = Base.lproj/Main.storyboard; sourceTree = "<group>"; };
		273C369F1CFED0BB0082E2C0 /* Assets.xcassets */ = {isa = PBXFileReference; lastKnownFileType = folder.assetcatalog; path = Assets.xcassets; sourceTree = "<group>"; };
		273C36A21CFED0BB0082E2C0 /* Base */ = {isa = PBXFileReference; lastKnownFileType = file.storyboard; name = Base; path = Base.lproj/LaunchScreen.storyboard; sourceTree = "<group>"; };
		273C36A41CFED0BB0082E2C0 /* Info.plist */ = {isa = PBXFileReference; lastKnownFileType = text.plist.xml; path = Info.plist; sourceTree = "<group>"; };
		273C36AA1CFED1DF0082E2C0 /* RangeSlider.swift */ = {isa = PBXFileReference; fileEncoding = 4; lastKnownFileType = sourcecode.swift; path = RangeSlider.swift; sourceTree = "<group>"; };
/* End PBXFileReference section */

/* Begin PBXFrameworksBuildPhase section */
		273C36921CFED0BB0082E2C0 /* Frameworks */ = {
			isa = PBXFrameworksBuildPhase;
			buildActionMask = 2147483647;
			files = (
			);
			runOnlyForDeploymentPostprocessing = 0;
		};
/* End PBXFrameworksBuildPhase section */

/* Begin PBXGroup section */
		2705A81B1CFFBDEA00718561 /* customSlider */ = {
			isa = PBXGroup;
			children = (
				273C36AA1CFED1DF0082E2C0 /* RangeSlider.swift */,
				2705A8171CFFBA1B00718561 /* RangeSliderThumbLayer.swift */,
				2705A8191CFFBC3500718561 /* RangeSliderTrackLayer.swift */,
			);
			name = customSlider;
			sourceTree = "<group>";
		};
		273C368C1CFED0BB0082E2C0 = {
			isa = PBXGroup;
			children = (
				273C36971CFED0BB0082E2C0 /* CustomSliderExample */,
				273C36961CFED0BB0082E2C0 /* Products */,
			);
			sourceTree = "<group>";
		};
		273C36961CFED0BB0082E2C0 /* Products */ = {
			isa = PBXGroup;
			children = (
				273C36951CFED0BB0082E2C0 /* CustomSliderExample.app */,
			);
			name = Products;
			sourceTree = "<group>";
		};
		273C36971CFED0BB0082E2C0 /* CustomSliderExample */ = {
			isa = PBXGroup;
			children = (
				2705A81B1CFFBDEA00718561 /* customSlider */,
				273C36981CFED0BB0082E2C0 /* AppDelegate.swift */,
				273C369A1CFED0BB0082E2C0 /* ViewController.swift */,
				273C369C1CFED0BB0082E2C0 /* Main.storyboard */,
				273C369F1CFED0BB0082E2C0 /* Assets.xcassets */,
				273C36A11CFED0BB0082E2C0 /* LaunchScreen.storyboard */,
				273C36A41CFED0BB0082E2C0 /* Info.plist */,
			);
			path = CustomSliderExample;
			sourceTree = "<group>";
		};
/* End PBXGroup section */

/* Begin PBXNativeTarget section */
		273C36941CFED0BB0082E2C0 /* CustomSliderExample */ = {
			isa = PBXNativeTarget;
			buildConfigurationList = 273C36A71CFED0BB0082E2C0 /* Build configuration list for PBXNativeTarget "CustomSliderExample" */;
			buildPhases = (
				273C36911CFED0BB0082E2C0 /* Sources */,
				273C36921CFED0BB0082E2C0 /* Frameworks */,
				273C36931CFED0BB0082E2C0 /* Resources */,
			);
			buildRules = (
			);
			dependencies = (
			);
			name = CustomSliderExample;
			productName = CustomSliderExample;
			productReference = 273C36951CFED0BB0082E2C0 /* CustomSliderExample.app */;
			productType = "com.apple.product-type.application";
		};
/* End PBXNativeTarget section */

/* Begin PBXProject section */
		273C368D1CFED0BB0082E2C0 /* Project object */ = {
			isa = PBXProject;
			attributes = {
				LastSwiftUpdateCheck = 0730;
				LastUpgradeCheck = 0730;
				ORGANIZATIONNAME = com.custom;
				TargetAttributes = {
					273C36941CFED0BB0082E2C0 = {
						CreatedOnToolsVersion = 7.3.1;
					};
				};
			};
			buildConfigurationList = 273C36901CFED0BB0082E2C0 /* Build configuration list for PBXProject "CustomSliderExample" */;
			compatibilityVersion = "Xcode 3.2";
			developmentRegion = English;
			hasScannedForEncodings = 0;
			knownRegions = (
				en,
				Base,
			);
			mainGroup = 273C368C1CFED0BB0082E2C0;
			productRefGroup = 273C36961CFED0BB0082E2C0 /* Products */;
			projectDirPath = "";
			projectRoot = "";
			targets = (
				273C36941CFED0BB0082E2C0 /* CustomSliderExample */,
			);
		};
/* End PBXProject section */

/* Begin PBXResourcesBuildPhase section */
		273C36931CFED0BB0082E2C0 /* Resources */ = {
			isa = PBXResourcesBuildPhase;
			buildActionMask = 2147483647;
			files = (
				273C36A31CFED0BB0082E2C0 /* LaunchScreen.storyboard in Resources */,
				273C36A01CFED0BB0082E2C0 /* Assets.xcassets in Resources */,
				273C369E1CFED0BB0082E2C0 /* Main.storyboard in Resources */,
			);
			runOnlyForDeploymentPostprocessing = 0;
		};
/* End PBXResourcesBuildPhase section */

/* Begin PBXSourcesBuildPhase section */
		273C36911CFED0BB0082E2C0 /* Sources */ = {
			isa = PBXSourcesBuildPhase;
			buildActionMask = 2147483647;
			files = (
				273C369B1CFED0BB0082E2C0 /* ViewController.swift in Sources */,
				2705A81A1CFFBC3500718561 /* RangeSliderTrackLayer.swift in Sources */,
				273C36AC1CFEDF420082E2C0 /* RangeSlider.swift in Sources */,
				273C36991CFED0BB0082E2C0 /* AppDelegate.swift in Sources */,
				2705A8181CFFBA1B00718561 /* RangeSliderThumbLayer.swift in Sources */,
			);
			runOnlyForDeploymentPostprocessing = 0;
		};
/* End PBXSourcesBuildPhase section */

/* Begin PBXVariantGroup section */
		273C369C1CFED0BB0082E2C0 /* Main.storyboard */ = {
			isa = PBXVariantGroup;
			children = (
				273C369D1CFED0BB0082E2C0 /* Base */,
			);
			name = Main.storyboard;
			sourceTree = "<group>";
		};
		273C36A11CFED0BB0082E2C0 /* LaunchScreen.storyboard */ = {
			isa = PBXVariantGroup;
			children = (
				273C36A21CFED0BB0082E2C0 /* Base */,
			);
			name = LaunchScreen.storyboard;
			sourceTree = "<group>";
		};
/* End PBXVariantGroup section */

/* Begin XCBuildConfiguration section */
		273C36A51CFED0BB0082E2C0 /* Debug */ = {
			isa = XCBuildConfiguration;
			buildSettings = {
				ALWAYS_SEARCH_USER_PATHS = NO;
				CLANG_ANALYZER_NONNULL = YES;
				CLANG_CXX_LANGUAGE_STANDARD = "gnu++0x";
				CLANG_CXX_LIBRARY = "libc++";
				CLANG_ENABLE_MODULES = YES;
				CLANG_ENABLE_OBJC_ARC = YES;
				CLANG_WARN_BOOL_CONVERSION = YES;
				CLANG_WARN_CONSTANT_CONVERSION = YES;
				CLANG_WARN_DIRECT_OBJC_ISA_USAGE = YES_ERROR;
				CLANG_WARN_EMPTY_BODY = YES;
				CLANG_WARN_ENUM_CONVERSION = YES;
				CLANG_WARN_INT_CONVERSION = YES;
				CLANG_WARN_OBJC_ROOT_CLASS = YES_ERROR;
				CLANG_WARN_UNREACHABLE_CODE = YES;
				CLANG_WARN__DUPLICATE_METHOD_MATCH = YES;
				"CODE_SIGN_IDENTITY[sdk=iphoneos*]" = "iPhone Developer";
				COPY_PHASE_STRIP = NO;
				DEBUG_INFORMATION_FORMAT = dwarf;
				ENABLE_STRICT_OBJC_MSGSEND = YES;
				ENABLE_TESTABILITY = YES;
				GCC_C_LANGUAGE_STANDARD = gnu99;
				GCC_DYNAMIC_NO_PIC = NO;
				GCC_NO_COMMON_BLOCKS = YES;
				GCC_OPTIMIZATION_LEVEL = 0;
				GCC_PREPROCESSOR_DEFINITIONS = (
					"DEBUG=1",
					"$(inherited)",
				);
				GCC_WARN_64_TO_32_BIT_CONVERSION = YES;
				GCC_WARN_ABOUT_RETURN_TYPE = YES_ERROR;
				GCC_WARN_UNDECLARED_SELECTOR = YES;
				GCC_WARN_UNINITIALIZED_AUTOS = YES_AGGRESSIVE;
				GCC_WARN_UNUSED_FUNCTION = YES;
				GCC_WARN_UNUSED_VARIABLE = YES;
				IPHONEOS_DEPLOYMENT_TARGET = 9.3;
				MTL_ENABLE_DEBUG_INFO = YES;
				ONLY_ACTIVE_ARCH = YES;
				SDKROOT = iphoneos;
				SWIFT_OPTIMIZATION_LEVEL = "-Onone";
				TARGETED_DEVICE_FAMILY = "1,2";
			};
			name = Debug;
		};
		273C36A61CFED0BB0082E2C0 /* Release */ = {
			isa = XCBuildConfiguration;
			buildSettings = {
				ALWAYS_SEARCH_USER_PATHS = NO;
				CLANG_ANALYZER_NONNULL = YES;
				CLANG_CXX_LANGUAGE_STANDARD = "gnu++0x";
				CLANG_CXX_LIBRARY = "libc++";
				CLANG_ENABLE_MODULES = YES;
				CLANG_ENABLE_OBJC_ARC = YES;
				CLANG_WARN_BOOL_CONVERSION = YES;
				CLANG_WARN_CONSTANT_CONVERSION = YES;
				CLANG_WARN_DIRECT_OBJC_ISA_USAGE = YES_ERROR;
				CLANG_WARN_EMPTY_BODY = YES;
				CLANG_WARN_ENUM_CONVERSION = YES;
				CLANG_WARN_INT_CONVERSION = YES;
				CLANG_WARN_OBJC_ROOT_CLASS = YES_ERROR;
				CLANG_WARN_UNREACHABLE_CODE = YES;
				CLANG_WARN__DUPLICATE_METHOD_MATCH = YES;
				"CODE_SIGN_IDENTITY[sdk=iphoneos*]" = "iPhone Developer";
				COPY_PHASE_STRIP = NO;
				DEBUG_INFORMATION_FORMAT = "dwarf-with-dsym";
				ENABLE_NS_ASSERTIONS = NO;
				ENABLE_STRICT_OBJC_MSGSEND = YES;
				GCC_C_LANGUAGE_STANDARD = gnu99;
				GCC_NO_COMMON_BLOCKS = YES;
				GCC_WARN_64_TO_32_BIT_CONVERSION = YES;
				GCC_WARN_ABOUT_RETURN_TYPE = YES_ERROR;
				GCC_WARN_UNDECLARED_SELECTOR = YES;
				GCC_WARN_UNINITIALIZED_AUTOS = YES_AGGRESSIVE;
				GCC_WARN_UNUSED_FUNCTION = YES;
				GCC_WARN_UNUSED_VARIABLE = YES;
				IPHONEOS_DEPLOYMENT_TARGET = 9.3;
				MTL_ENABLE_DEBUG_INFO = NO;
				SDKROOT = iphoneos;
				TARGETED_DEVICE_FAMILY = "1,2";
				VALIDATE_PRODUCT = YES;
			};
			name = Release;
		};
		273C36A81CFED0BB0082E2C0 /* Debug */ = {
			isa = XCBuildConfiguration;
			buildSettings = {
				ASSETCATALOG_COMPILER_APPICON_NAME = AppIcon;
				INFOPLIST_FILE = CustomSliderExample/Info.plist;
				LD_RUNPATH_SEARCH_PATHS = "$(inherited) @executable_path/Frameworks";
				PRODUCT_BUNDLE_IDENTIFIER = com.hs.CustomSliderExample;
				PRODUCT_NAME = "$(TARGET_NAME)";
			};
			name = Debug;
		};
		273C36A91CFED0BB0082E2C0 /* Release */ = {
			isa = XCBuildConfiguration;
			buildSettings = {
				ASSETCATALOG_COMPILER_APPICON_NAME = AppIcon;
				INFOPLIST_FILE = CustomSliderExample/Info.plist;
				LD_RUNPATH_SEARCH_PATHS = "$(inherited) @executable_path/Frameworks";
				PRODUCT_BUNDLE_IDENTIFIER = com.hs.CustomSliderExample;
				PRODUCT_NAME = "$(TARGET_NAME)";
			};
			name = Release;
		};
/* End XCBuildConfiguration section */

/* Begin XCConfigurationList section */
		273C36901CFED0BB0082E2C0 /* Build configuration list for PBXProject "CustomSliderExample" */ = {
			isa = XCConfigurationList;
			buildConfigurations = (
				273C36A51CFED0BB0082E2C0 /* Debug */,
				273C36A61CFED0BB0082E2C0 /* Release */,
			);
			defaultConfigurationIsVisible = 0;
			defaultConfigurationName = Release;
		};
		273C36A71CFED0BB0082E2C0 /* Build configuration list for PBXNativeTarget "CustomSliderExample" */ = {
			isa = XCConfigurationList;
			buildConfigurations = (
				273C36A81CFED0BB0082E2C0 /* Debug */,
				273C36A91CFED0BB0082E2C0 /* Release */,
			);
			defaultConfigurationIsVisible = 0;
			defaultConfigurationName = Release;
		};
/* End XCConfigurationList section */
	};
	rootObject = 273C368D1CFED0BB0082E2C0 /* Project object */;
}
